
Microsoft Visual Studio Solution File, Format Version 12.00
# Visual Studio Version 17
VisualStudioVersion = 17.0.31903.59
MinimumVisualStudioVersion = 10.0.40219.1
Project("{2150E333-8FDC-42A3-9474-1A3956D46DE8}") = "src", "src", "{FC64F776-DE51-4BFF-91D5-0ECFEEF5CCAC}"
EndProject
Project("{FAE04EC0-301F-11D3-BF4B-00C04F79EFBC}") = "Sqids", "src\Sqids\Sqids.csproj", "{387B307E-04C6-4B8E-BE50-03FF91307070}"
EndProject
Project("{2150E333-8FDC-42A3-9474-1A3956D46DE8}") = "test", "test", "{5B69EBB5-A05C-4DCB-9355-D010B0A093AE}"
EndProject
Project("{FAE04EC0-301F-11D3-BF4B-00C04F79EFBC}") = "Sqids.Tests", "test\Sqids.Tests\Sqids.Tests.csproj", "{26D42DEF-5A42-436C-8B80-44AA4917BFC1}"
EndProject
Global
	GlobalSection(SolutionConfigurationPlatforms) = preSolution
		Debug|Any CPU = Debug|Any CPU
		Release|Any CPU = Release|Any CPU
	EndGlobalSection
	GlobalSection(SolutionProperties) = preSolution
		HideSolutionNode = FALSE
	EndGlobalSection
	GlobalSection(ProjectConfigurationPlatforms) = postSolution
		{387B307E-04C6-4B8E-BE50-03FF91307070}.Debug|Any CPU.ActiveCfg = Debug|Any CPU
		{387B307E-04C6-4B8E-BE50-03FF91307070}.Debug|Any CPU.Build.0 = Debug|Any CPU
		{387B307E-04C6-4B8E-BE50-03FF91307070}.Release|Any CPU.ActiveCfg = Release|Any CPU
		{387B307E-04C6-4B8E-BE50-03FF91307070}.Release|Any CPU.Build.0 = Release|Any CPU
		{26D42DEF-5A42-436C-8B80-44AA4917BFC1}.Debug|Any CPU.ActiveCfg = Debug|Any CPU
		{26D42DEF-5A42-436C-8B80-44AA4917BFC1}.Debug|Any CPU.Build.0 = Debug|Any CPU
		{26D42DEF-5A42-436C-8B80-44AA4917BFC1}.Release|Any CPU.ActiveCfg = Release|Any CPU
		{26D42DEF-5A42-436C-8B80-44AA4917BFC1}.Release|Any CPU.Build.0 = Release|Any CPU
	EndGlobalSection
	GlobalSection(NestedProjects) = preSolution
		{387B307E-04C6-4B8E-BE50-03FF91307070} = {FC64F776-DE51-4BFF-91D5-0ECFEEF5CCAC}
		{26D42DEF-5A42-436C-8B80-44AA4917BFC1} = {5B69EBB5-A05C-4DCB-9355-D010B0A093AE}
	EndGlobalSection
EndGlobal
